
Microsoft Visual Studio Solution File, Format Version 12.00
# Visual Studio 15
VisualStudioVersion = 15.0.27428.2037
MinimumVisualStudioVersion = 10.0.40219.1
Project("{00D1A9C2-B5F0-4AF3-8072-F6C62B433612}") = "AdventureWorks", "AdventureWorks\AdventureWorks.sqlproj", "{615335F3-405A-4C25-B3E8-098B9DC7D09B}"
EndProject
Global
	GlobalSection(SolutionConfigurationPlatforms) = preSolution
		Debug|Any CPU = Debug|Any CPU
		Release|Any CPU = Release|Any CPU
	EndGlobalSection
	GlobalSection(ProjectConfigurationPlatforms) = postSolution
		{615335F3-405A-4C25-B3E8-098B9DC7D09B}.Debug|Any CPU.ActiveCfg = Debug|Any CPU
		{615335F3-405A-4C25-B3E8-098B9DC7D09B}.Debug|Any CPU.Build.0 = Debug|Any CPU
		{615335F3-405A-4C25-B3E8-098B9DC7D09B}.Debug|Any CPU.Deploy.0 = Debug|Any CPU
		{615335F3-405A-4C25-B3E8-098B9DC7D09B}.Release|Any CPU.ActiveCfg = Release|Any CPU
		{615335F3-405A-4C25-B3E8-098B9DC7D09B}.Release|Any CPU.Build.0 = Release|Any CPU
		{615335F3-405A-4C25-B3E8-098B9DC7D09B}.Release|Any CPU.Deploy.0 = Release|Any CPU
	EndGlobalSection
	GlobalSection(SolutionProperties) = preSolution
		HideSolutionNode = FALSE
	EndGlobalSection
	GlobalSection(ExtensibilityGlobals) = postSolution
		SolutionGuid = {75888370-308E-416E-9891-A22BAC9D98EB}
	EndGlobalSection
EndGlobal
